
Microsoft Visual Studio Solution File, Format Version 12.00
# Visual Studio Version 17
VisualStudioVersion = 17.3.32825.248
MinimumVisualStudioVersion = 10.0.40219.1
Project("{9A19103F-16F7-4668-BE54-9A1E7A4F7556}") = "Amalco.Data", "Amalco.Data\Amalco.Data.csproj", "{70E0A1FE-710A-47E4-B5E1-37680877DFE7}"
EndProject
Project("{9A19103F-16F7-4668-BE54-9A1E7A4F7556}") = "Amalco.Web", "Amalco.Web\Amalco.Web.csproj", "{5A13B14A-7B7E-4ADF-9D85-B6C25BBA4F0F}"
EndProject
Global
	GlobalSection(SolutionConfigurationPlatforms) = preSolution
		Debug|Any CPU = Debug|Any CPU
		Release|Any CPU = Release|Any CPU
	EndGlobalSection
	GlobalSection(ProjectConfigurationPlatforms) = postSolution
		{70E0A1FE-710A-47E4-B5E1-37680877DFE7}.Debug|Any CPU.ActiveCfg = Debug|Any CPU
		{70E0A1FE-710A-47E4-B5E1-37680877DFE7}.Debug|Any CPU.Build.0 = Debug|Any CPU
		{70E0A1FE-710A-47E4-B5E1-37680877DFE7}.Release|Any CPU.ActiveCfg = Release|Any CPU
		{70E0A1FE-710A-47E4-B5E1-37680877DFE7}.Release|Any CPU.Build.0 = Release|Any CPU
		{5A13B14A-7B7E-4ADF-9D85-B6C25BBA4F0F}.Debug|Any CPU.ActiveCfg = Debug|Any CPU
		{5A13B14A-7B7E-4ADF-9D85-B6C25BBA4F0F}.Debug|Any CPU.Build.0 = Debug|Any CPU
		{5A13B14A-7B7E-4ADF-9D85-B6C25BBA4F0F}.Release|Any CPU.ActiveCfg = Release|Any CPU
		{5A13B14A-7B7E-4ADF-9D85-B6C25BBA4F0F}.Release|Any CPU.Build.0 = Release|Any CPU
	EndGlobalSection
	GlobalSection(SolutionProperties) = preSolution
		HideSolutionNode = FALSE
	EndGlobalSection
	GlobalSection(ExtensibilityGlobals) = postSolution
		SolutionGuid = {23DE8061-AFF2-4432-9D9C-6ACDAAC51136}
	EndGlobalSection
EndGlobal
